
Microsoft Visual Studio Solution File, Format Version 12.00
# Visual Studio Version 17
VisualStudioVersion = 17.14.36414.22
MinimumVisualStudioVersion = 10.0.40219.1
Project("{FAE04EC0-301F-11D3-BF4B-00C04F79EFBC}") = "TicTacToeBlaiva", "RegistroJugadores\TicTacToeBlaiva.csproj", "{4772095F-FCBD-4455-B38A-6D824B9CD613}"
EndProject
Global
	GlobalSection(SolutionConfigurationPlatforms) = preSolution
		Debug|Any CPU = Debug|Any CPU
		Release|Any CPU = Release|Any CPU
	EndGlobalSection
	GlobalSection(ProjectConfigurationPlatforms) = postSolution
		{4772095F-FCBD-4455-B38A-6D824B9CD613}.Debug|Any CPU.ActiveCfg = Debug|Any CPU
		{4772095F-FCBD-4455-B38A-6D824B9CD613}.Debug|Any CPU.Build.0 = Debug|Any CPU
		{4772095F-FCBD-4455-B38A-6D824B9CD613}.Release|Any CPU.ActiveCfg = Release|Any CPU
		{4772095F-FCBD-4455-B38A-6D824B9CD613}.Release|Any CPU.Build.0 = Release|Any CPU
	EndGlobalSection
	GlobalSection(SolutionProperties) = preSolution
		HideSolutionNode = FALSE
	EndGlobalSection
	GlobalSection(ExtensibilityGlobals) = postSolution
		SolutionGuid = {2D82F751-2C05-4ABF-B005-21F47E9F8B6A}
	EndGlobalSection
EndGlobal
